{
    "_readme": [
        "This file locks the dependencies of your project to a known state",
        "Read more about it at https://getcomposer.org/doc/01-basic-usage.md#installing-dependencies",
        "This file is @generated automatically"
    ],
    "content-hash": "e0ab2395bed0b5e6410aeeefdac55a7f",
    "packages": [
        {
            "name": "openpublicmedia/npr-story-api",
            "version": "v1.9.5.2",
            "source": {
                "type": "git",
                "url": "https://github.com/OpenPublicMedia/nprapi-wordpress.git",
                "reference": "429425f620964c49f914bbd16ecc62e590b26dd2"
            },
            "dist": {
                "type": "zip",
                "url": "https://github.com/OpenPublicMedia/nprapi-wordpress/archive/refs/tags/v1.9.5.2.zip"
            },
            "type": "wordpress-plugin",
            "license": [
                "GPL-2.0+"
            ],
            "authors": [
                {
                    "name": "Jared Counts",
                    "email": "jcounts@houstonpublicmedia.org"
                },
                {
                    "name": "William Tam",
                    "email": "tamw@thirteen.org"
                },
                {
                    "name": "Brian Divver",
                    "email": "bdivver@xpn.org"
                }
            ],
            "description": "Access the NPR API from within Wordpress",
            "homepage": "https://github.com/OpenPublicMedia/nprapi-wordpress/",
            "support": {
                "source": "https://github.com/OpenPublicMedia/nprapi-wordpress/tree/v1.9.5.2",
                "issues": "https://github.com/OpenPublicMedia/nprapi-wordpress/issues"
            },
            "time": "2023-12-14T20:01:14+00:00"
        }
    ],
    "packages-dev": [],
    "aliases": [],
    "minimum-stability": "dev",
    "stability-flags": [],
    "prefer-stable": false,
    "prefer-lowest": false,
    "platform": [],
    "platform-dev": [],
    "plugin-api-version": "2.3.0"
}
